
Microsoft Visual Studio Solution File, Format Version 12.00
# Visual Studio Version 17
VisualStudioVersion = 17.5.33414.496
MinimumVisualStudioVersion = 10.0.40219.1
Project("{9A19103F-16F7-4668-BE54-9A1E7A4F7556}") = "ToDoApp", "ToDoApp\ToDoApp.csproj", "{43D1FCEB-B4E2-4607-9635-627CFB4C7950}"
EndProject
Project("{FAE04EC0-301F-11D3-BF4B-00C04F79EFBC}") = "ToDoApp.Test", "ToDoApp.Test\ToDoApp.Test.csproj", "{37C5F76A-932B-46F5-BD72-F8FAE90F6051}"
EndProject
Global
	GlobalSection(SolutionConfigurationPlatforms) = preSolution
		Debug|Any CPU = Debug|Any CPU
		Release|Any CPU = Release|Any CPU
	EndGlobalSection
	GlobalSection(ProjectConfigurationPlatforms) = postSolution
		{43D1FCEB-B4E2-4607-9635-627CFB4C7950}.Debug|Any CPU.ActiveCfg = Debug|Any CPU
		{43D1FCEB-B4E2-4607-9635-627CFB4C7950}.Debug|Any CPU.Build.0 = Debug|Any CPU
		{43D1FCEB-B4E2-4607-9635-627CFB4C7950}.Release|Any CPU.ActiveCfg = Release|Any CPU
		{43D1FCEB-B4E2-4607-9635-627CFB4C7950}.Release|Any CPU.Build.0 = Release|Any CPU
		{37C5F76A-932B-46F5-BD72-F8FAE90F6051}.Debug|Any CPU.ActiveCfg = Debug|Any CPU
		{37C5F76A-932B-46F5-BD72-F8FAE90F6051}.Debug|Any CPU.Build.0 = Debug|Any CPU
		{37C5F76A-932B-46F5-BD72-F8FAE90F6051}.Release|Any CPU.ActiveCfg = Release|Any CPU
		{37C5F76A-932B-46F5-BD72-F8FAE90F6051}.Release|Any CPU.Build.0 = Release|Any CPU
	EndGlobalSection
	GlobalSection(SolutionProperties) = preSolution
		HideSolutionNode = FALSE
	EndGlobalSection
	GlobalSection(ExtensibilityGlobals) = postSolution
		SolutionGuid = {143CAC09-065A-4CC0-9E75-C45D0860F786}
	EndGlobalSection
EndGlobal
